
Microsoft Visual Studio Solution File, Format Version 12.00
# Visual Studio Version 16
VisualStudioVersion = 16.0.31205.134
MinimumVisualStudioVersion = 10.0.40219.1
Project("{9A19103F-16F7-4668-BE54-9A1E7A4F7556}") = "Henrys DB", "Henrys DB\Henrys DB.csproj", "{065395E5-930E-4FA5-97BC-739457A7BCD1}"
EndProject
Project("{9A19103F-16F7-4668-BE54-9A1E7A4F7556}") = "ConsoleHenrysDB", "ConsoleHenrysDB\ConsoleHenrysDB.csproj", "{1748FCD7-A855-4C87-BBFC-DEE086F5343A}"
EndProject
Project("{FAE04EC0-301F-11D3-BF4B-00C04F79EFBC}") = "HenrysDbLayer", "HenrysDbLayer\HenrysDbLayer.csproj", "{8DFFF1B9-5042-4EA1-B69F-E309E30B4C97}"
EndProject
Global
	GlobalSection(SolutionConfigurationPlatforms) = preSolution
		Debug|Any CPU = Debug|Any CPU
		Release|Any CPU = Release|Any CPU
	EndGlobalSection
	GlobalSection(ProjectConfigurationPlatforms) = postSolution
		{065395E5-930E-4FA5-97BC-739457A7BCD1}.Debug|Any CPU.ActiveCfg = Debug|Any CPU
		{065395E5-930E-4FA5-97BC-739457A7BCD1}.Debug|Any CPU.Build.0 = Debug|Any CPU
		{065395E5-930E-4FA5-97BC-739457A7BCD1}.Release|Any CPU.ActiveCfg = Release|Any CPU
		{065395E5-930E-4FA5-97BC-739457A7BCD1}.Release|Any CPU.Build.0 = Release|Any CPU
		{1748FCD7-A855-4C87-BBFC-DEE086F5343A}.Debug|Any CPU.ActiveCfg = Debug|Any CPU
		{1748FCD7-A855-4C87-BBFC-DEE086F5343A}.Debug|Any CPU.Build.0 = Debug|Any CPU
		{1748FCD7-A855-4C87-BBFC-DEE086F5343A}.Release|Any CPU.ActiveCfg = Release|Any CPU
		{1748FCD7-A855-4C87-BBFC-DEE086F5343A}.Release|Any CPU.Build.0 = Release|Any CPU
		{8DFFF1B9-5042-4EA1-B69F-E309E30B4C97}.Debug|Any CPU.ActiveCfg = Debug|Any CPU
		{8DFFF1B9-5042-4EA1-B69F-E309E30B4C97}.Debug|Any CPU.Build.0 = Debug|Any CPU
		{8DFFF1B9-5042-4EA1-B69F-E309E30B4C97}.Release|Any CPU.ActiveCfg = Release|Any CPU
		{8DFFF1B9-5042-4EA1-B69F-E309E30B4C97}.Release|Any CPU.Build.0 = Release|Any CPU
	EndGlobalSection
	GlobalSection(SolutionProperties) = preSolution
		HideSolutionNode = FALSE
	EndGlobalSection
	GlobalSection(ExtensibilityGlobals) = postSolution
		SolutionGuid = {33520100-E7DB-4A76-93A4-B80DD822E6CA}
	EndGlobalSection
EndGlobal
